
Microsoft Visual Studio Solution File, Format Version 12.00
# Visual Studio Version 17
VisualStudioVersion = 17.2.32630.192
MinimumVisualStudioVersion = 10.0.40219.1
Project("{FAE04EC0-301F-11D3-BF4B-00C04F79EFBC}") = "AutomobileLibrary", "AutomobileLibrary\AutomobileLibrary.csproj", "{2F17E457-8880-4C0F-9F07-7B9093E68223}"
EndProject
Project("{FAE04EC0-301F-11D3-BF4B-00C04F79EFBC}") = "AutomobileWinApp", "AutomobileWinApp\AutomobileWinApp.csproj", "{951475A3-66D9-49AC-8F61-7D2C6EE8714B}"
EndProject
Global
	GlobalSection(SolutionConfigurationPlatforms) = preSolution
		Debug|Any CPU = Debug|Any CPU
		Release|Any CPU = Release|Any CPU
	EndGlobalSection
	GlobalSection(ProjectConfigurationPlatforms) = postSolution
		{2F17E457-8880-4C0F-9F07-7B9093E68223}.Debug|Any CPU.ActiveCfg = Debug|Any CPU
		{2F17E457-8880-4C0F-9F07-7B9093E68223}.Debug|Any CPU.Build.0 = Debug|Any CPU
		{2F17E457-8880-4C0F-9F07-7B9093E68223}.Release|Any CPU.ActiveCfg = Release|Any CPU
		{2F17E457-8880-4C0F-9F07-7B9093E68223}.Release|Any CPU.Build.0 = Release|Any CPU
		{951475A3-66D9-49AC-8F61-7D2C6EE8714B}.Debug|Any CPU.ActiveCfg = Debug|Any CPU
		{951475A3-66D9-49AC-8F61-7D2C6EE8714B}.Debug|Any CPU.Build.0 = Debug|Any CPU
		{951475A3-66D9-49AC-8F61-7D2C6EE8714B}.Release|Any CPU.ActiveCfg = Release|Any CPU
		{951475A3-66D9-49AC-8F61-7D2C6EE8714B}.Release|Any CPU.Build.0 = Release|Any CPU
	EndGlobalSection
	GlobalSection(SolutionProperties) = preSolution
		HideSolutionNode = FALSE
	EndGlobalSection
	GlobalSection(ExtensibilityGlobals) = postSolution
		SolutionGuid = {5992B63F-25BF-4949-AA44-38384B52A2E2}
	EndGlobalSection
EndGlobal
